
Microsoft Visual Studio Solution File, Format Version 12.00
# Visual Studio 15
VisualStudioVersion = 15.0.28010.2046
MinimumVisualStudioVersion = 10.0.40219.1
Project("{FAE04EC0-301F-11D3-BF4B-00C04F79EFBC}") = "App3.Android", "App3.Android.csproj", "{55B0D010-77AA-42F9-9D01-2CE05C63DD6B}"
EndProject
Global
	GlobalSection(SolutionConfigurationPlatforms) = preSolution
		Debug|Any CPU = Debug|Any CPU
		Release|Any CPU = Release|Any CPU
	EndGlobalSection
	GlobalSection(ProjectConfigurationPlatforms) = postSolution
		{55B0D010-77AA-42F9-9D01-2CE05C63DD6B}.Debug|Any CPU.ActiveCfg = Debug|Any CPU
		{55B0D010-77AA-42F9-9D01-2CE05C63DD6B}.Debug|Any CPU.Build.0 = Debug|Any CPU
		{55B0D010-77AA-42F9-9D01-2CE05C63DD6B}.Debug|Any CPU.Deploy.0 = Debug|Any CPU
		{55B0D010-77AA-42F9-9D01-2CE05C63DD6B}.Release|Any CPU.ActiveCfg = Release|Any CPU
		{55B0D010-77AA-42F9-9D01-2CE05C63DD6B}.Release|Any CPU.Build.0 = Release|Any CPU
		{55B0D010-77AA-42F9-9D01-2CE05C63DD6B}.Release|Any CPU.Deploy.0 = Release|Any CPU
	EndGlobalSection
	GlobalSection(SolutionProperties) = preSolution
		HideSolutionNode = FALSE
	EndGlobalSection
	GlobalSection(ExtensibilityGlobals) = postSolution
		SolutionGuid = {91F735D8-E72C-43F2-B571-6534535BDC5F}
	EndGlobalSection
	GlobalSection(TeamFoundationVersionControl) = preSolution
		SccNumberOfProjects = 2
		SccEnterpriseProvider = {4CA58AB2-18FA-4F8D-95D4-32DDF27D184C}
		SccTeamFoundationServer = https://vantantech.visualstudio.com/defaultcollection
		SccLocalPath0 = .
		SccProjectUniqueName1 = App3.Android.csproj
		SccLocalPath1 = .
	EndGlobalSection
EndGlobal
