
Microsoft Visual Studio Solution File, Format Version 12.00
# Visual Studio 15
VisualStudioVersion = 15.0.28010.2050
MinimumVisualStudioVersion = 10.0.40219.1
Project("{FAE04EC0-301F-11D3-BF4B-00C04F79EFBC}") = "SalonMobile.Android", "SalonMobile\SalonMobile.Android\SalonMobile.Android.csproj", "{EE84185F-FE3D-43AA-822E-BBFE96A6F707}"
EndProject
Project("{FAE04EC0-301F-11D3-BF4B-00C04F79EFBC}") = "SalonMobile.iOS", "SalonMobile\SalonMobile.iOS\SalonMobile.iOS.csproj", "{89583596-34A4-44DA-A3EC-07DDF2D14933}"
EndProject
Project("{9A19103F-16F7-4668-BE54-9A1E7A4F7556}") = "SalonMobile", "SalonMobile\SalonMobile\SalonMobile.csproj", "{004D1DC1-FBE3-4EC5-8FB6-30976F2C0DD5}"
EndProject
Global
	GlobalSection(SolutionConfigurationPlatforms) = preSolution
		Ad-Hoc|Any CPU = Ad-Hoc|Any CPU
		Ad-Hoc|iPhone = Ad-Hoc|iPhone
		Ad-Hoc|iPhoneSimulator = Ad-Hoc|iPhoneSimulator
		AppStore|Any CPU = AppStore|Any CPU
		AppStore|iPhone = AppStore|iPhone
		AppStore|iPhoneSimulator = AppStore|iPhoneSimulator
		Debug|Any CPU = Debug|Any CPU
		Debug|iPhone = Debug|iPhone
		Debug|iPhoneSimulator = Debug|iPhoneSimulator
		Release|Any CPU = Release|Any CPU
		Release|iPhone = Release|iPhone
		Release|iPhoneSimulator = Release|iPhoneSimulator
	EndGlobalSection
	GlobalSection(ProjectConfigurationPlatforms) = postSolution
		{EE84185F-FE3D-43AA-822E-BBFE96A6F707}.Ad-Hoc|Any CPU.ActiveCfg = Release|Any CPU
		{EE84185F-FE3D-43AA-822E-BBFE96A6F707}.Ad-Hoc|Any CPU.Build.0 = Release|Any CPU
		{EE84185F-FE3D-43AA-822E-BBFE96A6F707}.Ad-Hoc|Any CPU.Deploy.0 = Release|Any CPU
		{EE84185F-FE3D-43AA-822E-BBFE96A6F707}.Ad-Hoc|iPhone.ActiveCfg = Release|Any CPU
		{EE84185F-FE3D-43AA-822E-BBFE96A6F707}.Ad-Hoc|iPhone.Build.0 = Release|Any CPU
		{EE84185F-FE3D-43AA-822E-BBFE96A6F707}.Ad-Hoc|iPhone.Deploy.0 = Release|Any CPU
		{EE84185F-FE3D-43AA-822E-BBFE96A6F707}.Ad-Hoc|iPhoneSimulator.ActiveCfg = Release|Any CPU
		{EE84185F-FE3D-43AA-822E-BBFE96A6F707}.Ad-Hoc|iPhoneSimulator.Build.0 = Release|Any CPU
		{EE84185F-FE3D-43AA-822E-BBFE96A6F707}.Ad-Hoc|iPhoneSimulator.Deploy.0 = Release|Any CPU
		{EE84185F-FE3D-43AA-822E-BBFE96A6F707}.AppStore|Any CPU.ActiveCfg = Release|Any CPU
		{EE84185F-FE3D-43AA-822E-BBFE96A6F707}.AppStore|Any CPU.Build.0 = Release|Any CPU
		{EE84185F-FE3D-43AA-822E-BBFE96A6F707}.AppStore|Any CPU.Deploy.0 = Release|Any CPU
		{EE84185F-FE3D-43AA-822E-BBFE96A6F707}.AppStore|iPhone.ActiveCfg = Release|Any CPU
		{EE84185F-FE3D-43AA-822E-BBFE96A6F707}.AppStore|iPhone.Build.0 = Release|Any CPU
		{EE84185F-FE3D-43AA-822E-BBFE96A6F707}.AppStore|iPhone.Deploy.0 = Release|Any CPU
		{EE84185F-FE3D-43AA-822E-BBFE96A6F707}.AppStore|iPhoneSimulator.ActiveCfg = Release|Any CPU
		{EE84185F-FE3D-43AA-822E-BBFE96A6F707}.AppStore|iPhoneSimulator.Build.0 = Release|Any CPU
		{EE84185F-FE3D-43AA-822E-BBFE96A6F707}.AppStore|iPhoneSimulator.Deploy.0 = Release|Any CPU
		{EE84185F-FE3D-43AA-822E-BBFE96A6F707}.Debug|Any CPU.ActiveCfg = Debug|Any CPU
		{EE84185F-FE3D-43AA-822E-BBFE96A6F707}.Debug|Any CPU.Build.0 = Debug|Any CPU
		{EE84185F-FE3D-43AA-822E-BBFE96A6F707}.Debug|Any CPU.Deploy.0 = Debug|Any CPU
		{EE84185F-FE3D-43AA-822E-BBFE96A6F707}.Debug|iPhone.ActiveCfg = Debug|Any CPU
		{EE84185F-FE3D-43AA-822E-BBFE96A6F707}.Debug|iPhone.Build.0 = Debug|Any CPU
		{EE84185F-FE3D-43AA-822E-BBFE96A6F707}.Debug|iPhone.Deploy.0 = Debug|Any CPU
		{EE84185F-FE3D-43AA-822E-BBFE96A6F707}.Debug|iPhoneSimulator.ActiveCfg = Debug|Any CPU
		{EE84185F-FE3D-43AA-822E-BBFE96A6F707}.Debug|iPhoneSimulator.Build.0 = Debug|Any CPU
		{EE84185F-FE3D-43AA-822E-BBFE96A6F707}.Debug|iPhoneSimulator.Deploy.0 = Debug|Any CPU
		{EE84185F-FE3D-43AA-822E-BBFE96A6F707}.Release|Any CPU.ActiveCfg = Release|Any CPU
		{EE84185F-FE3D-43AA-822E-BBFE96A6F707}.Release|Any CPU.Build.0 = Release|Any CPU
		{EE84185F-FE3D-43AA-822E-BBFE96A6F707}.Release|Any CPU.Deploy.0 = Release|Any CPU
		{EE84185F-FE3D-43AA-822E-BBFE96A6F707}.Release|iPhone.ActiveCfg = Release|Any CPU
		{EE84185F-FE3D-43AA-822E-BBFE96A6F707}.Release|iPhone.Build.0 = Release|Any CPU
		{EE84185F-FE3D-43AA-822E-BBFE96A6F707}.Release|iPhone.Deploy.0 = Release|Any CPU
		{EE84185F-FE3D-43AA-822E-BBFE96A6F707}.Release|iPhoneSimulator.ActiveCfg = Release|Any CPU
		{EE84185F-FE3D-43AA-822E-BBFE96A6F707}.Release|iPhoneSimulator.Build.0 = Release|Any CPU
		{EE84185F-FE3D-43AA-822E-BBFE96A6F707}.Release|iPhoneSimulator.Deploy.0 = Release|Any CPU
		{89583596-34A4-44DA-A3EC-07DDF2D14933}.Ad-Hoc|Any CPU.ActiveCfg = Ad-Hoc|iPhone
		{89583596-34A4-44DA-A3EC-07DDF2D14933}.Ad-Hoc|Any CPU.Build.0 = Ad-Hoc|iPhone
		{89583596-34A4-44DA-A3EC-07DDF2D14933}.Ad-Hoc|Any CPU.Deploy.0 = Ad-Hoc|iPhone
		{89583596-34A4-44DA-A3EC-07DDF2D14933}.Ad-Hoc|iPhone.ActiveCfg = Ad-Hoc|iPhone
		{89583596-34A4-44DA-A3EC-07DDF2D14933}.Ad-Hoc|iPhone.Build.0 = Ad-Hoc|iPhone
		{89583596-34A4-44DA-A3EC-07DDF2D14933}.Ad-Hoc|iPhone.Deploy.0 = Ad-Hoc|iPhone
		{89583596-34A4-44DA-A3EC-07DDF2D14933}.Ad-Hoc|iPhoneSimulator.ActiveCfg = Ad-Hoc|iPhoneSimulator
		{89583596-34A4-44DA-A3EC-07DDF2D14933}.Ad-Hoc|iPhoneSimulator.Build.0 = Ad-Hoc|iPhoneSimulator
		{89583596-34A4-44DA-A3EC-07DDF2D14933}.Ad-Hoc|iPhoneSimulator.Deploy.0 = Ad-Hoc|iPhoneSimulator
		{89583596-34A4-44DA-A3EC-07DDF2D14933}.AppStore|Any CPU.ActiveCfg = AppStore|iPhone
		{89583596-34A4-44DA-A3EC-07DDF2D14933}.AppStore|Any CPU.Build.0 = AppStore|iPhone
		{89583596-34A4-44DA-A3EC-07DDF2D14933}.AppStore|Any CPU.Deploy.0 = AppStore|iPhone
		{89583596-34A4-44DA-A3EC-07DDF2D14933}.AppStore|iPhone.ActiveCfg = AppStore|iPhone
		{89583596-34A4-44DA-A3EC-07DDF2D14933}.AppStore|iPhone.Build.0 = AppStore|iPhone
		{89583596-34A4-44DA-A3EC-07DDF2D14933}.AppStore|iPhone.Deploy.0 = AppStore|iPhone
		{89583596-34A4-44DA-A3EC-07DDF2D14933}.AppStore|iPhoneSimulator.ActiveCfg = AppStore|iPhoneSimulator
		{89583596-34A4-44DA-A3EC-07DDF2D14933}.AppStore|iPhoneSimulator.Build.0 = AppStore|iPhoneSimulator
		{89583596-34A4-44DA-A3EC-07DDF2D14933}.AppStore|iPhoneSimulator.Deploy.0 = AppStore|iPhoneSimulator
		{89583596-34A4-44DA-A3EC-07DDF2D14933}.Debug|Any CPU.ActiveCfg = Debug|iPhoneSimulator
		{89583596-34A4-44DA-A3EC-07DDF2D14933}.Debug|Any CPU.Build.0 = Debug|iPhoneSimulator
		{89583596-34A4-44DA-A3EC-07DDF2D14933}.Debug|Any CPU.Deploy.0 = Debug|iPhoneSimulator
		{89583596-34A4-44DA-A3EC-07DDF2D14933}.Debug|iPhone.ActiveCfg = Debug|iPhone
		{89583596-34A4-44DA-A3EC-07DDF2D14933}.Debug|iPhone.Build.0 = Debug|iPhone
		{89583596-34A4-44DA-A3EC-07DDF2D14933}.Debug|iPhone.Deploy.0 = Debug|iPhone
		{89583596-34A4-44DA-A3EC-07DDF2D14933}.Debug|iPhoneSimulator.ActiveCfg = Debug|iPhoneSimulator
		{89583596-34A4-44DA-A3EC-07DDF2D14933}.Debug|iPhoneSimulator.Build.0 = Debug|iPhoneSimulator
		{89583596-34A4-44DA-A3EC-07DDF2D14933}.Debug|iPhoneSimulator.Deploy.0 = Debug|iPhoneSimulator
		{89583596-34A4-44DA-A3EC-07DDF2D14933}.Release|Any CPU.ActiveCfg = Release|iPhone
		{89583596-34A4-44DA-A3EC-07DDF2D14933}.Release|Any CPU.Build.0 = Release|iPhone
		{89583596-34A4-44DA-A3EC-07DDF2D14933}.Release|Any CPU.Deploy.0 = Release|iPhone
		{89583596-34A4-44DA-A3EC-07DDF2D14933}.Release|iPhone.ActiveCfg = Release|iPhone
		{89583596-34A4-44DA-A3EC-07DDF2D14933}.Release|iPhone.Build.0 = Release|iPhone
		{89583596-34A4-44DA-A3EC-07DDF2D14933}.Release|iPhone.Deploy.0 = Release|iPhone
		{89583596-34A4-44DA-A3EC-07DDF2D14933}.Release|iPhoneSimulator.ActiveCfg = Release|iPhoneSimulator
		{89583596-34A4-44DA-A3EC-07DDF2D14933}.Release|iPhoneSimulator.Build.0 = Release|iPhoneSimulator
		{89583596-34A4-44DA-A3EC-07DDF2D14933}.Release|iPhoneSimulator.Deploy.0 = Release|iPhoneSimulator
		{004D1DC1-FBE3-4EC5-8FB6-30976F2C0DD5}.Ad-Hoc|Any CPU.ActiveCfg = Debug|Any CPU
		{004D1DC1-FBE3-4EC5-8FB6-30976F2C0DD5}.Ad-Hoc|Any CPU.Build.0 = Debug|Any CPU
		{004D1DC1-FBE3-4EC5-8FB6-30976F2C0DD5}.Ad-Hoc|Any CPU.Deploy.0 = Debug|Any CPU
		{004D1DC1-FBE3-4EC5-8FB6-30976F2C0DD5}.Ad-Hoc|iPhone.ActiveCfg = Debug|Any CPU
		{004D1DC1-FBE3-4EC5-8FB6-30976F2C0DD5}.Ad-Hoc|iPhone.Build.0 = Debug|Any CPU
		{004D1DC1-FBE3-4EC5-8FB6-30976F2C0DD5}.Ad-Hoc|iPhone.Deploy.0 = Debug|Any CPU
		{004D1DC1-FBE3-4EC5-8FB6-30976F2C0DD5}.Ad-Hoc|iPhoneSimulator.ActiveCfg = Debug|Any CPU
		{004D1DC1-FBE3-4EC5-8FB6-30976F2C0DD5}.Ad-Hoc|iPhoneSimulator.Build.0 = Debug|Any CPU
		{004D1DC1-FBE3-4EC5-8FB6-30976F2C0DD5}.Ad-Hoc|iPhoneSimulator.Deploy.0 = Debug|Any CPU
		{004D1DC1-FBE3-4EC5-8FB6-30976F2C0DD5}.AppStore|Any CPU.ActiveCfg = Debug|Any CPU
		{004D1DC1-FBE3-4EC5-8FB6-30976F2C0DD5}.AppStore|Any CPU.Build.0 = Debug|Any CPU
		{004D1DC1-FBE3-4EC5-8FB6-30976F2C0DD5}.AppStore|Any CPU.Deploy.0 = Debug|Any CPU
		{004D1DC1-FBE3-4EC5-8FB6-30976F2C0DD5}.AppStore|iPhone.ActiveCfg = Debug|Any CPU
		{004D1DC1-FBE3-4EC5-8FB6-30976F2C0DD5}.AppStore|iPhone.Build.0 = Debug|Any CPU
		{004D1DC1-FBE3-4EC5-8FB6-30976F2C0DD5}.AppStore|iPhone.Deploy.0 = Debug|Any CPU
		{004D1DC1-FBE3-4EC5-8FB6-30976F2C0DD5}.AppStore|iPhoneSimulator.ActiveCfg = Debug|Any CPU
		{004D1DC1-FBE3-4EC5-8FB6-30976F2C0DD5}.AppStore|iPhoneSimulator.Build.0 = Debug|Any CPU
		{004D1DC1-FBE3-4EC5-8FB6-30976F2C0DD5}.AppStore|iPhoneSimulator.Deploy.0 = Debug|Any CPU
		{004D1DC1-FBE3-4EC5-8FB6-30976F2C0DD5}.Debug|Any CPU.ActiveCfg = Debug|Any CPU
		{004D1DC1-FBE3-4EC5-8FB6-30976F2C0DD5}.Debug|Any CPU.Build.0 = Debug|Any CPU
		{004D1DC1-FBE3-4EC5-8FB6-30976F2C0DD5}.Debug|Any CPU.Deploy.0 = Debug|Any CPU
		{004D1DC1-FBE3-4EC5-8FB6-30976F2C0DD5}.Debug|iPhone.ActiveCfg = Debug|Any CPU
		{004D1DC1-FBE3-4EC5-8FB6-30976F2C0DD5}.Debug|iPhone.Build.0 = Debug|Any CPU
		{004D1DC1-FBE3-4EC5-8FB6-30976F2C0DD5}.Debug|iPhone.Deploy.0 = Debug|Any CPU
		{004D1DC1-FBE3-4EC5-8FB6-30976F2C0DD5}.Debug|iPhoneSimulator.ActiveCfg = Debug|Any CPU
		{004D1DC1-FBE3-4EC5-8FB6-30976F2C0DD5}.Debug|iPhoneSimulator.Build.0 = Debug|Any CPU
		{004D1DC1-FBE3-4EC5-8FB6-30976F2C0DD5}.Debug|iPhoneSimulator.Deploy.0 = Debug|Any CPU
		{004D1DC1-FBE3-4EC5-8FB6-30976F2C0DD5}.Release|Any CPU.ActiveCfg = Release|Any CPU
		{004D1DC1-FBE3-4EC5-8FB6-30976F2C0DD5}.Release|Any CPU.Build.0 = Release|Any CPU
		{004D1DC1-FBE3-4EC5-8FB6-30976F2C0DD5}.Release|Any CPU.Deploy.0 = Release|Any CPU
		{004D1DC1-FBE3-4EC5-8FB6-30976F2C0DD5}.Release|iPhone.ActiveCfg = Release|Any CPU
		{004D1DC1-FBE3-4EC5-8FB6-30976F2C0DD5}.Release|iPhone.Build.0 = Release|Any CPU
		{004D1DC1-FBE3-4EC5-8FB6-30976F2C0DD5}.Release|iPhone.Deploy.0 = Release|Any CPU
		{004D1DC1-FBE3-4EC5-8FB6-30976F2C0DD5}.Release|iPhoneSimulator.ActiveCfg = Release|Any CPU
		{004D1DC1-FBE3-4EC5-8FB6-30976F2C0DD5}.Release|iPhoneSimulator.Build.0 = Release|Any CPU
		{004D1DC1-FBE3-4EC5-8FB6-30976F2C0DD5}.Release|iPhoneSimulator.Deploy.0 = Release|Any CPU
	EndGlobalSection
	GlobalSection(SolutionProperties) = preSolution
		HideSolutionNode = FALSE
	EndGlobalSection
	GlobalSection(ExtensibilityGlobals) = postSolution
		SolutionGuid = {889AD691-F205-4109-97E2-9AD0B2632464}
	EndGlobalSection
	GlobalSection(TeamFoundationVersionControl) = preSolution
		SccNumberOfProjects = 4
		SccEnterpriseProvider = {4CA58AB2-18FA-4F8D-95D4-32DDF27D184C}
		SccTeamFoundationServer = https://vantantech.visualstudio.com/defaultcollection
		SccLocalPath0 = .
		SccProjectUniqueName1 = SalonMobile\\SalonMobile.Android\\SalonMobile.Android.csproj
		SccProjectName1 = SalonMobile/SalonMobile.Android
		SccLocalPath1 = SalonMobile\\SalonMobile.Android
		SccProjectUniqueName2 = SalonMobile\\SalonMobile.iOS\\SalonMobile.iOS.csproj
		SccProjectName2 = SalonMobile/SalonMobile.iOS
		SccLocalPath2 = SalonMobile\\SalonMobile.iOS
		SccProjectUniqueName3 = SalonMobile\\SalonMobile\\SalonMobile.csproj
		SccProjectName3 = SalonMobile/SalonMobile
		SccLocalPath3 = SalonMobile\\SalonMobile
	EndGlobalSection
EndGlobal
