
Microsoft Visual Studio Solution File, Format Version 12.00
# Visual Studio 15
VisualStudioVersion = 15.0.27004.2008
MinimumVisualStudioVersion = 10.0.40219.1
Project("{FAE04EC0-301F-11D3-BF4B-00C04F79EFBC}") = "Salon", "Salon\Salon.csproj", "{2559461F-00BC-415A-A876-4C771DA94C8A}"
EndProject
Project("{FAE04EC0-301F-11D3-BF4B-00C04F79EFBC}") = "Updater", "Updater\Updater.csproj", "{598422CA-F497-4F2C-A165-9884DF610352}"
EndProject
Project("{FAE04EC0-301F-11D3-BF4B-00C04F79EFBC}") = "WebCameraControl", "WebCameraControl\WebCameraControl.csproj", "{9FE79CEF-86C5-4180-9AC1-3CF30BB14FD7}"
EndProject
Project("{FAE04EC0-301F-11D3-BF4B-00C04F79EFBC}") = "RedDotWebService", "RedDotService\RedDotWebService.csproj", "{1B4E4B73-C02E-4A47-B363-FBB151F2FA3D}"
EndProject
Project("{FAE04EC0-301F-11D3-BF4B-00C04F79EFBC}") = "WebAccess", "WebAccess\WebAccess.csproj", "{4A3075B1-24F7-4A01-9282-4408DC448C14}"
EndProject
Project("{FAE04EC0-301F-11D3-BF4B-00C04F79EFBC}") = "VTTLanguages", "VTTLanguages\VTTLanguages.csproj", "{16EC0661-B723-4A29-82E2-E89BFB735EE3}"
EndProject
Project("{FAE04EC0-301F-11D3-BF4B-00C04F79EFBC}") = "WpfLocalization", "WpfLocalization\WpfLocalization.csproj", "{6D1E1B21-85FB-495F-A190-5100188A00AE}"
EndProject
Project("{FAE04EC0-301F-11D3-BF4B-00C04F79EFBC}") = "WebSync", "WebSync\WebSync.csproj", "{FBAB0034-FA7A-4B39-8D83-819E015FAC49}"
EndProject
Project("{FAE04EC0-301F-11D3-BF4B-00C04F79EFBC}") = "RedDotReportingService", "RedDotReportingService\RedDotReportingService.csproj", "{3C736516-ECC9-438E-A0A9-017B811C5B14}"
EndProject
Project("{FAE04EC0-301F-11D3-BF4B-00C04F79EFBC}") = "DataManager", "DataManager\DataManager.csproj", "{0406086F-1590-49ED-8A6D-6317893C041F}"
EndProject
Global
	GlobalSection(SolutionConfigurationPlatforms) = preSolution
		Debug|Any CPU = Debug|Any CPU
		Debug|Mixed Platforms = Debug|Mixed Platforms
		Debug|x86 = Debug|x86
		Release|Any CPU = Release|Any CPU
		Release|Mixed Platforms = Release|Mixed Platforms
		Release|x86 = Release|x86
		Staging|Any CPU = Staging|Any CPU
		Staging|Mixed Platforms = Staging|Mixed Platforms
		Staging|x86 = Staging|x86
	EndGlobalSection
	GlobalSection(ProjectConfigurationPlatforms) = postSolution
		{2559461F-00BC-415A-A876-4C771DA94C8A}.Debug|Any CPU.ActiveCfg = Debug|Any CPU
		{2559461F-00BC-415A-A876-4C771DA94C8A}.Debug|Any CPU.Build.0 = Debug|Any CPU
		{2559461F-00BC-415A-A876-4C771DA94C8A}.Debug|Mixed Platforms.ActiveCfg = Debug|Any CPU
		{2559461F-00BC-415A-A876-4C771DA94C8A}.Debug|Mixed Platforms.Build.0 = Debug|Any CPU
		{2559461F-00BC-415A-A876-4C771DA94C8A}.Debug|x86.ActiveCfg = Debug|Any CPU
		{2559461F-00BC-415A-A876-4C771DA94C8A}.Release|Any CPU.ActiveCfg = Release|Any CPU
		{2559461F-00BC-415A-A876-4C771DA94C8A}.Release|Any CPU.Build.0 = Release|Any CPU
		{2559461F-00BC-415A-A876-4C771DA94C8A}.Release|Mixed Platforms.ActiveCfg = Release|Any CPU
		{2559461F-00BC-415A-A876-4C771DA94C8A}.Release|Mixed Platforms.Build.0 = Release|Any CPU
		{2559461F-00BC-415A-A876-4C771DA94C8A}.Release|x86.ActiveCfg = Release|Any CPU
		{2559461F-00BC-415A-A876-4C771DA94C8A}.Staging|Any CPU.ActiveCfg = Release|Any CPU
		{2559461F-00BC-415A-A876-4C771DA94C8A}.Staging|Any CPU.Build.0 = Release|Any CPU
		{2559461F-00BC-415A-A876-4C771DA94C8A}.Staging|Mixed Platforms.ActiveCfg = Release|Any CPU
		{2559461F-00BC-415A-A876-4C771DA94C8A}.Staging|Mixed Platforms.Build.0 = Release|Any CPU
		{2559461F-00BC-415A-A876-4C771DA94C8A}.Staging|x86.ActiveCfg = Release|Any CPU
		{2559461F-00BC-415A-A876-4C771DA94C8A}.Staging|x86.Build.0 = Release|Any CPU
		{598422CA-F497-4F2C-A165-9884DF610352}.Debug|Any CPU.ActiveCfg = Debug|Any CPU
		{598422CA-F497-4F2C-A165-9884DF610352}.Debug|Any CPU.Build.0 = Debug|Any CPU
		{598422CA-F497-4F2C-A165-9884DF610352}.Debug|Mixed Platforms.ActiveCfg = Debug|Any CPU
		{598422CA-F497-4F2C-A165-9884DF610352}.Debug|Mixed Platforms.Build.0 = Debug|Any CPU
		{598422CA-F497-4F2C-A165-9884DF610352}.Debug|x86.ActiveCfg = Debug|Any CPU
		{598422CA-F497-4F2C-A165-9884DF610352}.Release|Any CPU.ActiveCfg = Release|Any CPU
		{598422CA-F497-4F2C-A165-9884DF610352}.Release|Any CPU.Build.0 = Release|Any CPU
		{598422CA-F497-4F2C-A165-9884DF610352}.Release|Mixed Platforms.ActiveCfg = Release|Any CPU
		{598422CA-F497-4F2C-A165-9884DF610352}.Release|Mixed Platforms.Build.0 = Release|Any CPU
		{598422CA-F497-4F2C-A165-9884DF610352}.Release|x86.ActiveCfg = Release|Any CPU
		{598422CA-F497-4F2C-A165-9884DF610352}.Staging|Any CPU.ActiveCfg = Release|Any CPU
		{598422CA-F497-4F2C-A165-9884DF610352}.Staging|Any CPU.Build.0 = Release|Any CPU
		{598422CA-F497-4F2C-A165-9884DF610352}.Staging|Mixed Platforms.ActiveCfg = Release|Any CPU
		{598422CA-F497-4F2C-A165-9884DF610352}.Staging|Mixed Platforms.Build.0 = Release|Any CPU
		{598422CA-F497-4F2C-A165-9884DF610352}.Staging|x86.ActiveCfg = Release|Any CPU
		{598422CA-F497-4F2C-A165-9884DF610352}.Staging|x86.Build.0 = Release|Any CPU
		{9FE79CEF-86C5-4180-9AC1-3CF30BB14FD7}.Debug|Any CPU.ActiveCfg = Debug|Any CPU
		{9FE79CEF-86C5-4180-9AC1-3CF30BB14FD7}.Debug|Any CPU.Build.0 = Debug|Any CPU
		{9FE79CEF-86C5-4180-9AC1-3CF30BB14FD7}.Debug|Mixed Platforms.ActiveCfg = Debug|Any CPU
		{9FE79CEF-86C5-4180-9AC1-3CF30BB14FD7}.Debug|Mixed Platforms.Build.0 = Debug|Any CPU
		{9FE79CEF-86C5-4180-9AC1-3CF30BB14FD7}.Debug|x86.ActiveCfg = Debug|Any CPU
		{9FE79CEF-86C5-4180-9AC1-3CF30BB14FD7}.Release|Any CPU.ActiveCfg = Release|Any CPU
		{9FE79CEF-86C5-4180-9AC1-3CF30BB14FD7}.Release|Any CPU.Build.0 = Release|Any CPU
		{9FE79CEF-86C5-4180-9AC1-3CF30BB14FD7}.Release|Mixed Platforms.ActiveCfg = Release|Any CPU
		{9FE79CEF-86C5-4180-9AC1-3CF30BB14FD7}.Release|Mixed Platforms.Build.0 = Release|Any CPU
		{9FE79CEF-86C5-4180-9AC1-3CF30BB14FD7}.Release|x86.ActiveCfg = Release|Any CPU
		{9FE79CEF-86C5-4180-9AC1-3CF30BB14FD7}.Staging|Any CPU.ActiveCfg = Release|Any CPU
		{9FE79CEF-86C5-4180-9AC1-3CF30BB14FD7}.Staging|Any CPU.Build.0 = Release|Any CPU
		{9FE79CEF-86C5-4180-9AC1-3CF30BB14FD7}.Staging|Mixed Platforms.ActiveCfg = Release|Any CPU
		{9FE79CEF-86C5-4180-9AC1-3CF30BB14FD7}.Staging|Mixed Platforms.Build.0 = Release|Any CPU
		{9FE79CEF-86C5-4180-9AC1-3CF30BB14FD7}.Staging|x86.ActiveCfg = Release|Any CPU
		{9FE79CEF-86C5-4180-9AC1-3CF30BB14FD7}.Staging|x86.Build.0 = Release|Any CPU
		{1B4E4B73-C02E-4A47-B363-FBB151F2FA3D}.Debug|Any CPU.ActiveCfg = Debug|Any CPU
		{1B4E4B73-C02E-4A47-B363-FBB151F2FA3D}.Debug|Any CPU.Build.0 = Debug|Any CPU
		{1B4E4B73-C02E-4A47-B363-FBB151F2FA3D}.Debug|Mixed Platforms.ActiveCfg = Debug|Any CPU
		{1B4E4B73-C02E-4A47-B363-FBB151F2FA3D}.Debug|Mixed Platforms.Build.0 = Debug|Any CPU
		{1B4E4B73-C02E-4A47-B363-FBB151F2FA3D}.Debug|x86.ActiveCfg = Debug|Any CPU
		{1B4E4B73-C02E-4A47-B363-FBB151F2FA3D}.Release|Any CPU.ActiveCfg = Release|Any CPU
		{1B4E4B73-C02E-4A47-B363-FBB151F2FA3D}.Release|Any CPU.Build.0 = Release|Any CPU
		{1B4E4B73-C02E-4A47-B363-FBB151F2FA3D}.Release|Mixed Platforms.ActiveCfg = Release|Any CPU
		{1B4E4B73-C02E-4A47-B363-FBB151F2FA3D}.Release|Mixed Platforms.Build.0 = Release|Any CPU
		{1B4E4B73-C02E-4A47-B363-FBB151F2FA3D}.Release|x86.ActiveCfg = Release|Any CPU
		{1B4E4B73-C02E-4A47-B363-FBB151F2FA3D}.Staging|Any CPU.ActiveCfg = Release|Any CPU
		{1B4E4B73-C02E-4A47-B363-FBB151F2FA3D}.Staging|Any CPU.Build.0 = Release|Any CPU
		{1B4E4B73-C02E-4A47-B363-FBB151F2FA3D}.Staging|Mixed Platforms.ActiveCfg = Release|Any CPU
		{1B4E4B73-C02E-4A47-B363-FBB151F2FA3D}.Staging|Mixed Platforms.Build.0 = Release|Any CPU
		{1B4E4B73-C02E-4A47-B363-FBB151F2FA3D}.Staging|x86.ActiveCfg = Release|Any CPU
		{1B4E4B73-C02E-4A47-B363-FBB151F2FA3D}.Staging|x86.Build.0 = Release|Any CPU
		{4A3075B1-24F7-4A01-9282-4408DC448C14}.Debug|Any CPU.ActiveCfg = Debug|Any CPU
		{4A3075B1-24F7-4A01-9282-4408DC448C14}.Debug|Any CPU.Build.0 = Debug|Any CPU
		{4A3075B1-24F7-4A01-9282-4408DC448C14}.Debug|Mixed Platforms.ActiveCfg = Debug|Any CPU
		{4A3075B1-24F7-4A01-9282-4408DC448C14}.Debug|Mixed Platforms.Build.0 = Debug|Any CPU
		{4A3075B1-24F7-4A01-9282-4408DC448C14}.Debug|x86.ActiveCfg = Debug|Any CPU
		{4A3075B1-24F7-4A01-9282-4408DC448C14}.Release|Any CPU.ActiveCfg = Release|Any CPU
		{4A3075B1-24F7-4A01-9282-4408DC448C14}.Release|Any CPU.Build.0 = Release|Any CPU
		{4A3075B1-24F7-4A01-9282-4408DC448C14}.Release|Mixed Platforms.ActiveCfg = Release|Any CPU
		{4A3075B1-24F7-4A01-9282-4408DC448C14}.Release|Mixed Platforms.Build.0 = Release|Any CPU
		{4A3075B1-24F7-4A01-9282-4408DC448C14}.Release|x86.ActiveCfg = Release|Any CPU
		{4A3075B1-24F7-4A01-9282-4408DC448C14}.Staging|Any CPU.ActiveCfg = Release|Any CPU
		{4A3075B1-24F7-4A01-9282-4408DC448C14}.Staging|Any CPU.Build.0 = Release|Any CPU
		{4A3075B1-24F7-4A01-9282-4408DC448C14}.Staging|Mixed Platforms.ActiveCfg = Release|Any CPU
		{4A3075B1-24F7-4A01-9282-4408DC448C14}.Staging|Mixed Platforms.Build.0 = Release|Any CPU
		{4A3075B1-24F7-4A01-9282-4408DC448C14}.Staging|x86.ActiveCfg = Release|Any CPU
		{4A3075B1-24F7-4A01-9282-4408DC448C14}.Staging|x86.Build.0 = Release|Any CPU
		{16EC0661-B723-4A29-82E2-E89BFB735EE3}.Debug|Any CPU.ActiveCfg = Debug|Any CPU
		{16EC0661-B723-4A29-82E2-E89BFB735EE3}.Debug|Any CPU.Build.0 = Debug|Any CPU
		{16EC0661-B723-4A29-82E2-E89BFB735EE3}.Debug|Mixed Platforms.ActiveCfg = Debug|Any CPU
		{16EC0661-B723-4A29-82E2-E89BFB735EE3}.Debug|Mixed Platforms.Build.0 = Debug|Any CPU
		{16EC0661-B723-4A29-82E2-E89BFB735EE3}.Debug|x86.ActiveCfg = Debug|Any CPU
		{16EC0661-B723-4A29-82E2-E89BFB735EE3}.Release|Any CPU.ActiveCfg = Release|Any CPU
		{16EC0661-B723-4A29-82E2-E89BFB735EE3}.Release|Any CPU.Build.0 = Release|Any CPU
		{16EC0661-B723-4A29-82E2-E89BFB735EE3}.Release|Mixed Platforms.ActiveCfg = Release|Any CPU
		{16EC0661-B723-4A29-82E2-E89BFB735EE3}.Release|Mixed Platforms.Build.0 = Release|Any CPU
		{16EC0661-B723-4A29-82E2-E89BFB735EE3}.Release|x86.ActiveCfg = Release|Any CPU
		{16EC0661-B723-4A29-82E2-E89BFB735EE3}.Staging|Any CPU.ActiveCfg = Release|Any CPU
		{16EC0661-B723-4A29-82E2-E89BFB735EE3}.Staging|Any CPU.Build.0 = Release|Any CPU
		{16EC0661-B723-4A29-82E2-E89BFB735EE3}.Staging|Mixed Platforms.ActiveCfg = Release|Any CPU
		{16EC0661-B723-4A29-82E2-E89BFB735EE3}.Staging|Mixed Platforms.Build.0 = Release|Any CPU
		{16EC0661-B723-4A29-82E2-E89BFB735EE3}.Staging|x86.ActiveCfg = Release|Any CPU
		{16EC0661-B723-4A29-82E2-E89BFB735EE3}.Staging|x86.Build.0 = Release|Any CPU
		{6D1E1B21-85FB-495F-A190-5100188A00AE}.Debug|Any CPU.ActiveCfg = Debug|Any CPU
		{6D1E1B21-85FB-495F-A190-5100188A00AE}.Debug|Any CPU.Build.0 = Debug|Any CPU
		{6D1E1B21-85FB-495F-A190-5100188A00AE}.Debug|Mixed Platforms.ActiveCfg = Debug|Any CPU
		{6D1E1B21-85FB-495F-A190-5100188A00AE}.Debug|Mixed Platforms.Build.0 = Debug|Any CPU
		{6D1E1B21-85FB-495F-A190-5100188A00AE}.Debug|x86.ActiveCfg = Debug|Any CPU
		{6D1E1B21-85FB-495F-A190-5100188A00AE}.Release|Any CPU.ActiveCfg = Release|Any CPU
		{6D1E1B21-85FB-495F-A190-5100188A00AE}.Release|Any CPU.Build.0 = Release|Any CPU
		{6D1E1B21-85FB-495F-A190-5100188A00AE}.Release|Mixed Platforms.ActiveCfg = Release|Any CPU
		{6D1E1B21-85FB-495F-A190-5100188A00AE}.Release|Mixed Platforms.Build.0 = Release|Any CPU
		{6D1E1B21-85FB-495F-A190-5100188A00AE}.Release|x86.ActiveCfg = Release|Any CPU
		{6D1E1B21-85FB-495F-A190-5100188A00AE}.Staging|Any CPU.ActiveCfg = Release|Any CPU
		{6D1E1B21-85FB-495F-A190-5100188A00AE}.Staging|Any CPU.Build.0 = Release|Any CPU
		{6D1E1B21-85FB-495F-A190-5100188A00AE}.Staging|Mixed Platforms.ActiveCfg = Release|Any CPU
		{6D1E1B21-85FB-495F-A190-5100188A00AE}.Staging|Mixed Platforms.Build.0 = Release|Any CPU
		{6D1E1B21-85FB-495F-A190-5100188A00AE}.Staging|x86.ActiveCfg = Release|Any CPU
		{6D1E1B21-85FB-495F-A190-5100188A00AE}.Staging|x86.Build.0 = Release|Any CPU
		{FBAB0034-FA7A-4B39-8D83-819E015FAC49}.Debug|Any CPU.ActiveCfg = Debug|Any CPU
		{FBAB0034-FA7A-4B39-8D83-819E015FAC49}.Debug|Any CPU.Build.0 = Debug|Any CPU
		{FBAB0034-FA7A-4B39-8D83-819E015FAC49}.Debug|Mixed Platforms.ActiveCfg = Debug|Any CPU
		{FBAB0034-FA7A-4B39-8D83-819E015FAC49}.Debug|Mixed Platforms.Build.0 = Debug|Any CPU
		{FBAB0034-FA7A-4B39-8D83-819E015FAC49}.Debug|x86.ActiveCfg = Debug|Any CPU
		{FBAB0034-FA7A-4B39-8D83-819E015FAC49}.Release|Any CPU.ActiveCfg = Release|Any CPU
		{FBAB0034-FA7A-4B39-8D83-819E015FAC49}.Release|Any CPU.Build.0 = Release|Any CPU
		{FBAB0034-FA7A-4B39-8D83-819E015FAC49}.Release|Mixed Platforms.ActiveCfg = Release|Any CPU
		{FBAB0034-FA7A-4B39-8D83-819E015FAC49}.Release|Mixed Platforms.Build.0 = Release|Any CPU
		{FBAB0034-FA7A-4B39-8D83-819E015FAC49}.Release|x86.ActiveCfg = Release|Any CPU
		{FBAB0034-FA7A-4B39-8D83-819E015FAC49}.Staging|Any CPU.ActiveCfg = Release|Any CPU
		{FBAB0034-FA7A-4B39-8D83-819E015FAC49}.Staging|Any CPU.Build.0 = Release|Any CPU
		{FBAB0034-FA7A-4B39-8D83-819E015FAC49}.Staging|Mixed Platforms.ActiveCfg = Release|Any CPU
		{FBAB0034-FA7A-4B39-8D83-819E015FAC49}.Staging|Mixed Platforms.Build.0 = Release|Any CPU
		{FBAB0034-FA7A-4B39-8D83-819E015FAC49}.Staging|x86.ActiveCfg = Release|Any CPU
		{FBAB0034-FA7A-4B39-8D83-819E015FAC49}.Staging|x86.Build.0 = Release|Any CPU
		{3C736516-ECC9-438E-A0A9-017B811C5B14}.Debug|Any CPU.ActiveCfg = Debug|Any CPU
		{3C736516-ECC9-438E-A0A9-017B811C5B14}.Debug|Any CPU.Build.0 = Debug|Any CPU
		{3C736516-ECC9-438E-A0A9-017B811C5B14}.Debug|Mixed Platforms.ActiveCfg = Debug|Any CPU
		{3C736516-ECC9-438E-A0A9-017B811C5B14}.Debug|Mixed Platforms.Build.0 = Debug|Any CPU
		{3C736516-ECC9-438E-A0A9-017B811C5B14}.Debug|x86.ActiveCfg = Debug|Any CPU
		{3C736516-ECC9-438E-A0A9-017B811C5B14}.Debug|x86.Build.0 = Debug|Any CPU
		{3C736516-ECC9-438E-A0A9-017B811C5B14}.Release|Any CPU.ActiveCfg = Release|Any CPU
		{3C736516-ECC9-438E-A0A9-017B811C5B14}.Release|Any CPU.Build.0 = Release|Any CPU
		{3C736516-ECC9-438E-A0A9-017B811C5B14}.Release|Mixed Platforms.ActiveCfg = Release|Any CPU
		{3C736516-ECC9-438E-A0A9-017B811C5B14}.Release|Mixed Platforms.Build.0 = Release|Any CPU
		{3C736516-ECC9-438E-A0A9-017B811C5B14}.Release|x86.ActiveCfg = Release|Any CPU
		{3C736516-ECC9-438E-A0A9-017B811C5B14}.Release|x86.Build.0 = Release|Any CPU
		{3C736516-ECC9-438E-A0A9-017B811C5B14}.Staging|Any CPU.ActiveCfg = Release|Any CPU
		{3C736516-ECC9-438E-A0A9-017B811C5B14}.Staging|Any CPU.Build.0 = Release|Any CPU
		{3C736516-ECC9-438E-A0A9-017B811C5B14}.Staging|Mixed Platforms.ActiveCfg = Release|Any CPU
		{3C736516-ECC9-438E-A0A9-017B811C5B14}.Staging|Mixed Platforms.Build.0 = Release|Any CPU
		{3C736516-ECC9-438E-A0A9-017B811C5B14}.Staging|x86.ActiveCfg = Release|Any CPU
		{3C736516-ECC9-438E-A0A9-017B811C5B14}.Staging|x86.Build.0 = Release|Any CPU
		{0406086F-1590-49ED-8A6D-6317893C041F}.Debug|Any CPU.ActiveCfg = Debug|Any CPU
		{0406086F-1590-49ED-8A6D-6317893C041F}.Debug|Any CPU.Build.0 = Debug|Any CPU
		{0406086F-1590-49ED-8A6D-6317893C041F}.Debug|Mixed Platforms.ActiveCfg = Debug|Any CPU
		{0406086F-1590-49ED-8A6D-6317893C041F}.Debug|Mixed Platforms.Build.0 = Debug|Any CPU
		{0406086F-1590-49ED-8A6D-6317893C041F}.Debug|x86.ActiveCfg = Debug|Any CPU
		{0406086F-1590-49ED-8A6D-6317893C041F}.Debug|x86.Build.0 = Debug|Any CPU
		{0406086F-1590-49ED-8A6D-6317893C041F}.Release|Any CPU.ActiveCfg = Release|Any CPU
		{0406086F-1590-49ED-8A6D-6317893C041F}.Release|Any CPU.Build.0 = Release|Any CPU
		{0406086F-1590-49ED-8A6D-6317893C041F}.Release|Mixed Platforms.ActiveCfg = Release|Any CPU
		{0406086F-1590-49ED-8A6D-6317893C041F}.Release|Mixed Platforms.Build.0 = Release|Any CPU
		{0406086F-1590-49ED-8A6D-6317893C041F}.Release|x86.ActiveCfg = Release|Any CPU
		{0406086F-1590-49ED-8A6D-6317893C041F}.Release|x86.Build.0 = Release|Any CPU
		{0406086F-1590-49ED-8A6D-6317893C041F}.Staging|Any CPU.ActiveCfg = Release|Any CPU
		{0406086F-1590-49ED-8A6D-6317893C041F}.Staging|Any CPU.Build.0 = Release|Any CPU
		{0406086F-1590-49ED-8A6D-6317893C041F}.Staging|Mixed Platforms.ActiveCfg = Release|Any CPU
		{0406086F-1590-49ED-8A6D-6317893C041F}.Staging|Mixed Platforms.Build.0 = Release|Any CPU
		{0406086F-1590-49ED-8A6D-6317893C041F}.Staging|x86.ActiveCfg = Release|Any CPU
		{0406086F-1590-49ED-8A6D-6317893C041F}.Staging|x86.Build.0 = Release|Any CPU
	EndGlobalSection
	GlobalSection(SolutionProperties) = preSolution
		HideSolutionNode = FALSE
	EndGlobalSection
	GlobalSection(ExtensibilityGlobals) = postSolution
		SolutionGuid = {16E0B61A-C3FA-4FFF-BC6C-AB53F29F2336}
	EndGlobalSection
	GlobalSection(TeamFoundationVersionControl) = preSolution
		SccNumberOfProjects = 11
		SccEnterpriseProvider = {4CA58AB2-18FA-4F8D-95D4-32DDF27D184C}
		SccTeamFoundationServer = https://vantantech.visualstudio.com/defaultcollection
		SccLocalPath0 = .
		SccProjectUniqueName1 = Salon\\Salon.csproj
		SccProjectName1 = Salon
		SccLocalPath1 = Salon
		SccProjectUniqueName2 = Updater\\Updater.csproj
		SccProjectName2 = Updater
		SccLocalPath2 = Updater
		SccProjectUniqueName3 = WebCameraControl\\WebCameraControl.csproj
		SccProjectName3 = WebCameraControl
		SccLocalPath3 = WebCameraControl
		SccProjectUniqueName4 = RedDotService\\RedDotWebService.csproj
		SccProjectName4 = RedDotService
		SccLocalPath4 = RedDotService
		SccProjectUniqueName5 = WebAccess\\WebAccess.csproj
		SccProjectName5 = WebAccess
		SccLocalPath5 = WebAccess
		SccProjectUniqueName6 = VTTLanguages\\VTTLanguages.csproj
		SccProjectName6 = VTTLanguages
		SccLocalPath6 = VTTLanguages
		SccProjectUniqueName7 = WpfLocalization\\WpfLocalization.csproj
		SccProjectName7 = WpfLocalization
		SccLocalPath7 = WpfLocalization
		SccProjectUniqueName8 = WebSync\\WebSync.csproj
		SccProjectName8 = WebSync
		SccLocalPath8 = WebSync
		SccProjectUniqueName9 = RedDotReportingService\\RedDotReportingService.csproj
		SccProjectName9 = RedDotReportingService
		SccLocalPath9 = RedDotReportingService
		SccProjectUniqueName10 = DataManager\\DataManager.csproj
		SccProjectName10 = DataManager
		SccLocalPath10 = DataManager
	EndGlobalSection
EndGlobal
