
Microsoft Visual Studio Solution File, Format Version 12.00
# Visual Studio Version 16
VisualStudioVersion = 16.0.30413.136
MinimumVisualStudioVersion = 10.0.40219.1
Project("{FAE04EC0-301F-11D3-BF4B-00C04F79EFBC}") = "Retail", "Retail\Retail.csproj", "{7CA4B515-CD22-41B3-B257-76B436472761}"
EndProject
Project("{FAE04EC0-301F-11D3-BF4B-00C04F79EFBC}") = "RedDotUpdater", "Updater\RedDotUpdater.csproj", "{D11BB645-3FA2-4EBF-A87E-A39ADD96CAF1}"
EndProject
Global
	GlobalSection(SolutionConfigurationPlatforms) = preSolution
		Debug|Any CPU = Debug|Any CPU
		Release|Any CPU = Release|Any CPU
	EndGlobalSection
	GlobalSection(ProjectConfigurationPlatforms) = postSolution
		{7CA4B515-CD22-41B3-B257-76B436472761}.Debug|Any CPU.ActiveCfg = Debug|Any CPU
		{7CA4B515-CD22-41B3-B257-76B436472761}.Debug|Any CPU.Build.0 = Debug|Any CPU
		{7CA4B515-CD22-41B3-B257-76B436472761}.Release|Any CPU.ActiveCfg = Release|Any CPU
		{7CA4B515-CD22-41B3-B257-76B436472761}.Release|Any CPU.Build.0 = Release|Any CPU
		{D11BB645-3FA2-4EBF-A87E-A39ADD96CAF1}.Debug|Any CPU.ActiveCfg = Debug|Any CPU
		{D11BB645-3FA2-4EBF-A87E-A39ADD96CAF1}.Debug|Any CPU.Build.0 = Debug|Any CPU
		{D11BB645-3FA2-4EBF-A87E-A39ADD96CAF1}.Release|Any CPU.ActiveCfg = Release|Any CPU
		{D11BB645-3FA2-4EBF-A87E-A39ADD96CAF1}.Release|Any CPU.Build.0 = Release|Any CPU
	EndGlobalSection
	GlobalSection(SolutionProperties) = preSolution
		HideSolutionNode = FALSE
	EndGlobalSection
	GlobalSection(ExtensibilityGlobals) = postSolution
		SolutionGuid = {EEC1C7DA-C85F-437B-B2DE-01937B443191}
	EndGlobalSection
EndGlobal
