
Microsoft Visual Studio Solution File, Format Version 12.00
# Visual Studio 15
VisualStudioVersion = 15.0.28010.2050
MinimumVisualStudioVersion = 10.0.40219.1
Project("{FAE04EC0-301F-11D3-BF4B-00C04F79EFBC}") = "RestaurantService", "RestaurantService.csproj", "{BECE2F63-610A-414B-9209-2EFA033D55F8}"
EndProject
Global
	GlobalSection(SolutionConfigurationPlatforms) = preSolution
		Debug|Any CPU = Debug|Any CPU
		Release|Any CPU = Release|Any CPU
	EndGlobalSection
	GlobalSection(ProjectConfigurationPlatforms) = postSolution
		{BECE2F63-610A-414B-9209-2EFA033D55F8}.Debug|Any CPU.ActiveCfg = Debug|Any CPU
		{BECE2F63-610A-414B-9209-2EFA033D55F8}.Debug|Any CPU.Build.0 = Debug|Any CPU
		{BECE2F63-610A-414B-9209-2EFA033D55F8}.Release|Any CPU.ActiveCfg = Release|Any CPU
		{BECE2F63-610A-414B-9209-2EFA033D55F8}.Release|Any CPU.Build.0 = Release|Any CPU
	EndGlobalSection
	GlobalSection(SolutionProperties) = preSolution
		HideSolutionNode = FALSE
	EndGlobalSection
	GlobalSection(ExtensibilityGlobals) = postSolution
		SolutionGuid = {8FC8B20A-9BD3-46E5-A624-C35900E277C4}
	EndGlobalSection
	GlobalSection(TeamFoundationVersionControl) = preSolution
		SccNumberOfProjects = 1
		SccEnterpriseProvider = {4CA58AB2-18FA-4F8D-95D4-32DDF27D184C}
		SccTeamFoundationServer = https://vantantech.visualstudio.com/defaultcollection
		SccProjectUniqueName0 = RestaurantService.csproj
		SccProjectName0 = .
		SccAuxPath0 = https://vantantech.visualstudio.com/defaultcollection
		SccLocalPath0 = .
		SccProvider0 = {4CA58AB2-18FA-4F8D-95D4-32DDF27D184C}
	EndGlobalSection
EndGlobal
